
Microsoft Visual Studio Solution File, Format Version 12.00
# Visual Studio Version 16
VisualStudioVersion = 16.0.31729.503
MinimumVisualStudioVersion = 10.0.40219.1
Project("{FAE04EC0-301F-11D3-BF4B-00C04F79EFBC}") = "Tugas Week 2", "Tugas Week 2.csproj", "{62E87247-1249-45C9-9886-432772DF2518}"
EndProject
Global
	GlobalSection(SolutionConfigurationPlatforms) = preSolution
		Debug|Any CPU = Debug|Any CPU
		Release|Any CPU = Release|Any CPU
	EndGlobalSection
	GlobalSection(ProjectConfigurationPlatforms) = postSolution
		{62E87247-1249-45C9-9886-432772DF2518}.Debug|Any CPU.ActiveCfg = Debug|Any CPU
		{62E87247-1249-45C9-9886-432772DF2518}.Debug|Any CPU.Build.0 = Debug|Any CPU
		{62E87247-1249-45C9-9886-432772DF2518}.Release|Any CPU.ActiveCfg = Release|Any CPU
		{62E87247-1249-45C9-9886-432772DF2518}.Release|Any CPU.Build.0 = Release|Any CPU
	EndGlobalSection
	GlobalSection(SolutionProperties) = preSolution
		HideSolutionNode = FALSE
	EndGlobalSection
	GlobalSection(ExtensibilityGlobals) = postSolution
		SolutionGuid = {2296A9A3-0F80-4DCE-985D-DC2AA2E61796}
	EndGlobalSection
EndGlobal
